
Microsoft Visual Studio Solution File, Format Version 12.00
# Visual Studio Version 16
VisualStudioVersion = 16.0.30114.105
MinimumVisualStudioVersion = 10.0.40219.1
Project("{FAE04EC0-301F-11D3-BF4B-00C04F79EFBC}") = "Training", "Training\Training.csproj", "{1A97A15C-99A4-4E86-BE4B-B225A40EF82A}"
EndProject
Global
	GlobalSection(SolutionConfigurationPlatforms) = preSolution
		Debug|Any CPU = Debug|Any CPU
		Release|Any CPU = Release|Any CPU
	EndGlobalSection
	GlobalSection(ProjectConfigurationPlatforms) = postSolution
		{1A97A15C-99A4-4E86-BE4B-B225A40EF82A}.Debug|Any CPU.ActiveCfg = Debug|Any CPU
		{1A97A15C-99A4-4E86-BE4B-B225A40EF82A}.Debug|Any CPU.Build.0 = Debug|Any CPU
		{1A97A15C-99A4-4E86-BE4B-B225A40EF82A}.Release|Any CPU.ActiveCfg = Release|Any CPU
		{1A97A15C-99A4-4E86-BE4B-B225A40EF82A}.Release|Any CPU.Build.0 = Release|Any CPU
	EndGlobalSection
	GlobalSection(SolutionProperties) = preSolution
		HideSolutionNode = FALSE
	EndGlobalSection
	GlobalSection(ExtensibilityGlobals) = postSolution
		SolutionGuid = {0B16B68A-1F14-490F-8235-1DA72F1F9FA6}
	EndGlobalSection
EndGlobal
